lockfileVersion: '9.0'

settings:
  autoInstallPeers: true
  excludeLinksFromLockfile: false

importers:

  .:
    dependencies:
      '@types/react':
        specifier: '>=16.8'
        version: 19.1.6
      external-shallow-equal:
        specifier: ^1.0.0
        version: 1.0.0
      react:
        specifier: '>=16.8'
        version: 19.1.0
    devDependencies:
      typescript:
        specifier: ^5
        version: 5.8.3

packages:

  '@types/react@19.1.6':
    resolution: {integrity: sha512-JeG0rEWak0N6Itr6QUx+X60uQmN+5t3j9r/OVDtWzFXKaj6kD1BwJzOksD0FF6iWxZlbE1kB0q9vtnU2ekqa1Q==}

  csstype@3.1.3:
    resolution: {integrity: sha512-M1uQkMl8rQK/szD0LNhtqxIPLpimGm8sOBwU7lLnCpSbTyY3yeU1Vc7l4KT5zT4s/yOxHH5O7tIuuLOCnLADRw==}

  external-shallow-equal@1.0.0:
    resolution: {integrity: sha512-OGermv+d6hXdjdV/rQMIrPqXv4phLC/mIu1wb3dgZ6iLTTt/Ee4svWWsJdZouIZoassSqRZ4aUIoFghzkmClpA==}

  react@19.1.0:
    resolution: {integrity: sha512-FS+XFBNvn3GTAWq26joslQgWNoFu08F4kl0J4CgdNKADkdSGXQyTCnKteIAJy96Br6YbpEU1LSzV5dYtjMkMDg==}
    engines: {node: '>=0.10.0'}

  typescript@5.8.3:
    resolution: {integrity: sha512-p1diW6TqL9L07nNxvRMM7hMMw4c5XOo/1ibL4aAIGmSAt9slTE1Xgw5KWuof2uTOvCg9BY7ZRi+GaF+7sfgPeQ==}
    engines: {node: '>=14.17'}
    hasBin: true

snapshots:

  '@types/react@19.1.6':
    dependencies:
      csstype: 3.1.3

  csstype@3.1.3: {}

  external-shallow-equal@1.0.0: {}

  react@19.1.0: {}

  typescript@5.8.3: {}
